version: 7
platforms:
- name: win-64
  virtual-packages:
  - __win=10.0
  - __archspec=0=x86_64
environments:
  default:
    channels:
    - url: https://conda.anaconda.org/conda-forge/
    packages:
      win-64:
      - conda: https://conda.anaconda.org/conda-forge/noarch/_python_abi3_support-1.0-hd8ed1ab_3.conda
      - conda: https://conda.anaconda.org/conda-forge/noarch/asttokens-3.0.2-pyhd8ed1ab_0.conda
      - conda: https://conda.anaconda.org/conda-forge/noarch/ca-certificates-2026.7.22-h4c7d964_0.conda
      - conda: https://conda.anaconda.org/conda-forge/noarch/colorama-0.4.6-pyhd8ed1ab_1.conda
      - conda: https://conda.anaconda.org/conda-forge/noarch/comm-0.2.3-pyhe01879c_0.conda
      - conda: https://conda.anaconda.org/conda-forge/noarch/cpython-3.14.6-py314hd8ed1ab_101.conda
      - conda: https://conda.anaconda.org/conda-forge/noarch/decorator-5.3.1-pyhd8ed1ab_0.conda
      - conda: https://conda.anaconda.org/conda-forge/noarch/executing-2.2.1-pyhd8ed1ab_0.conda
      - conda: https://conda.anaconda.org/conda-forge/noarch/ipykernel-7.3.0-pyh6dadd2b_0.conda
      - conda: https://conda.anaconda.org/conda-forge/noarch/ipython-9.15.0-pyhe2676ad_0.conda
      - conda: https://conda.anaconda.org/conda-forge/noarch/ipython_pygments_lexers-1.1.1-pyhd8ed1ab_0.conda
      - conda: https://conda.anaconda.org/conda-forge/noarch/jedi-0.20.0-pyhcf101f3_0.conda
      - conda: https://conda.anaconda.org/conda-forge/noarch/jupyter_client-8.9.1-pyhcf101f3_0.conda
      - conda: https://conda.anaconda.org/conda-forge/noarch/jupyter_core-5.9.1-pyh6dadd2b_0.conda
      - conda: https://conda.anaconda.org/conda-forge/noarch/matplotlib-inline-0.2.2-pyhd8ed1ab_0.conda
      - conda: https://conda.anaconda.org/conda-forge/noarch/nest-asyncio2-1.7.2-pyhcf101f3_0.conda
      - conda: https://conda.anaconda.org/conda-forge/noarch/packaging-26.2-pyhc364b38_0.conda
      - conda: https://conda.anaconda.org/conda-forge/noarch/parso-0.8.7-pyhcf101f3_0.conda
      - conda: https://conda.anaconda.org/conda-forge/noarch/platformdirs-4.11.0-pyhcf101f3_0.conda
      - conda: https://conda.anaconda.org/conda-forge/noarch/prompt-toolkit-3.0.53-pyha770c72_0.conda
      - conda: https://conda.anaconda.org/conda-forge/noarch/pure_eval-0.2.3-pyhd8ed1ab_1.conda
      - conda: https://conda.anaconda.org/conda-forge/noarch/pygments-2.20.0-pyhd8ed1ab_0.conda
      - conda: https://conda.anaconda.org/conda-forge/noarch/python-dateutil-2.9.0.post0-pyhe01879c_2.conda
      - conda: https://conda.anaconda.org/conda-forge/noarch/python-gil-3.14.6-h4df99d1_101.conda
      - conda: https://conda.anaconda.org/conda-forge/noarch/python-tzdata-2026.3-pyhd8ed1ab_0.conda
      - conda: https://conda.anaconda.org/conda-forge/noarch/python_abi-3.14-8_cp314.conda
      - conda: https://conda.anaconda.org/conda-forge/noarch/six-1.17.0-pyhe01879c_1.conda
      - conda: https://conda.anaconda.org/conda-forge/noarch/stack_data-0.6.3-pyhd8ed1ab_1.conda
      - conda: https://conda.anaconda.org/conda-forge/noarch/traitlets-5.15.1-pyhcf101f3_0.conda
      - conda: https://conda.anaconda.org/conda-forge/noarch/typing_extensions-4.16.0-pyhcf101f3_0.conda
      - conda: https://conda.anaconda.org/conda-forge/noarch/tzdata-2026c-h151e31d_0.conda
      - conda: https://conda.anaconda.org/conda-forge/noarch/wcwidth-0.8.2-pyhd8ed1ab_0.conda
      - conda: https://conda.anaconda.org/conda-forge/win-64/bzip2-1.0.8-h0ad9c76_9.conda
      - conda: https://conda.anaconda.org/conda-forge/win-64/debugpy-1.8.21-py314hb98de8c_0.conda
      - conda: https://conda.anaconda.org/conda-forge/win-64/krb5-1.22.2-h719d79b_1.conda
      - conda: https://conda.anaconda.org/conda-forge/win-64/libblas-3.11.0-8_h8455456_mkl.conda
      - conda: https://conda.anaconda.org/conda-forge/win-64/libcblas-3.11.0-8_h2a3cdd5_mkl.conda
      - conda: https://conda.anaconda.org/conda-forge/win-64/libexpat-2.8.1-hac47afa_1.conda
      - conda: https://conda.anaconda.org/conda-forge/win-64/libffi-3.5.2-h3d046cb_0.conda
      - conda: https://conda.anaconda.org/conda-forge/win-64/libhwloc-2.13.0-default_h049141e_1000.conda
      - conda: https://conda.anaconda.org/conda-forge/win-64/libiconv-1.18-hc1393d2_2.conda
      - conda: https://conda.anaconda.org/conda-forge/win-64/liblapack-3.11.0-8_hf9ab0e9_mkl.conda
      - conda: https://conda.anaconda.org/conda-forge/win-64/liblzma-5.8.3-hfd05255_0.conda
      - conda: https://conda.anaconda.org/conda-forge/win-64/libmpdec-4.0.0-hfd05255_1.conda
      - conda: https://conda.anaconda.org/conda-forge/win-64/libsodium-1.0.22-h6a83c73_1.conda
      - conda: https://conda.anaconda.org/conda-forge/win-64/libsqlite-3.53.4-hf5d6505_0.conda
      - conda: https://conda.anaconda.org/conda-forge/win-64/libwinpthread-12.0.0.r4.gg4f2fc60ca-h57928b3_10.conda
      - conda: https://conda.anaconda.org/conda-forge/win-64/libxml2-16-2.15.3-h692994f_0.conda
      - conda: https://conda.anaconda.org/conda-forge/win-64/libxml2-2.15.3-hbc0d294_0.conda
      - conda: https://conda.anaconda.org/conda-forge/win-64/libzlib-1.3.2-hfd05255_2.conda
      - conda: https://conda.anaconda.org/conda-forge/win-64/llvm-openmp-22.1.8-h4fa8253_0.conda
      - conda: https://conda.anaconda.org/conda-forge/win-64/mkl-2026.1.0-hac47afa_233.conda
      - conda: https://conda.anaconda.org/conda-forge/win-64/numpy-2.5.1-py314h02f10f6_0.conda
      - conda: https://conda.anaconda.org/conda-forge/win-64/onemkl-license-2026.1.0-h57928b3_233.conda
      - conda: https://conda.anaconda.org/conda-forge/win-64/openssl-3.6.3-hf411b9b_0.conda
      - conda: https://conda.anaconda.org/conda-forge/win-64/pandas-3.0.3-py314hf700ef7_0.conda
      - conda: https://conda.anaconda.org/conda-forge/win-64/psutil-7.2.2-py314hc5dbbe4_0.conda
      - conda: https://conda.anaconda.org/conda-forge/win-64/python-3.14.6-h4b44e0e_101_cp314.conda
      - conda: https://conda.anaconda.org/conda-forge/win-64/pywin32-312-py314hcaaf0b2_0.conda
      - conda: https://conda.anaconda.org/conda-forge/win-64/pyzmq-27.1.0-py312h343a6d4_3.conda
      - conda: https://conda.anaconda.org/conda-forge/win-64/scipy-1.18.0-py314h221f224_0.conda
      - conda: https://conda.anaconda.org/conda-forge/win-64/tbb-2023.0.0-hd3d4ead_2.conda
      - conda: https://conda.anaconda.org/conda-forge/win-64/tk-8.6.13-h967ab96_3.conda
      - conda: https://conda.anaconda.org/conda-forge/win-64/tornado-6.5.7-py314h5a2d7ad_0.conda
      - conda: https://conda.anaconda.org/conda-forge/win-64/ucrt-10.0.26100.0-h57928b3_0.conda
      - conda: https://conda.anaconda.org/conda-forge/win-64/vc-14.5-h1b7c187_39.conda
      - conda: https://conda.anaconda.org/conda-forge/win-64/vc14_runtime-14.51.36231-h1b9f54f_39.conda
      - conda: https://conda.anaconda.org/conda-forge/win-64/vcomp14-14.51.36231-h1b9f54f_39.conda
      - conda: https://conda.anaconda.org/conda-forge/win-64/zeromq-4.3.5-h3a581c9_11.conda
      - conda: https://conda.anaconda.org/conda-forge/win-64/zstd-1.5.7-h534d264_6.conda
packages:
- conda: https://conda.anaconda.org/conda-forge/noarch/_python_abi3_support-1.0-hd8ed1ab_3.conda
  sha256: 2a7204314663eeda5dec482a956f0e2eaf289bd5b9953eaaaad0e81aa64638f2
  md5: 3845f3d75991bae0fb90884662f4327c
  depends:
  - cpython
  - python-gil
  license: MIT
  license_family: MIT
  run_exports: {}
  size: 8144
  timestamp: 1784221492234
- conda: https://conda.anaconda.org/conda-forge/noarch/asttokens-3.0.2-pyhd8ed1ab_0.conda
  sha256: fbbd8ce60cbd5c16f3fe559eb644551f94285caff30985ea961ff851c1cf25ac
  md5: 89d495168582cb00428dad699d149624
  depends:
  - python >=3.10
  constrains:
  - astroid >=2,<5
  license: Apache-2.0
  license_family: Apache
  run_exports: {}
  size: 34639
  timestamp: 1783975742052
- conda: https://conda.anaconda.org/conda-forge/noarch/ca-certificates-2026.7.22-h4c7d964_0.conda
  sha256: 95e8e74062a5fe5f870ac8c90302b6e89945165fdaed7810606e84ddee6aac12
  md5: e27d2ac27b096dc51fedfcf775a53f9b
  depends:
  - __win
  license: ISC
  run_exports: {}
  size: 132136
  timestamp: 1784754918886
- conda: https://conda.anaconda.org/conda-forge/noarch/colorama-0.4.6-pyhd8ed1ab_1.conda
  sha256: ab29d57dc70786c1269633ba3dff20288b81664d3ff8d21af995742e2bb03287
  md5: 962b9857ee8e7018c22f2776ffa0b2d7
  depends:
  - python >=3.9
  license: BSD-3-Clause
  license_family: BSD
  run_exports: {}
  size: 27011
  timestamp: 1733218222191
- conda: https://conda.anaconda.org/conda-forge/noarch/comm-0.2.3-pyhe01879c_0.conda
  sha256: 576a44729314ad9e4e5ebe055fbf48beb8116b60e58f9070278985b2b634f212
  md5: 2da13f2b299d8e1995bafbbe9689a2f7
  depends:
  - python >=3.9
  - python
  license: BSD-3-Clause
  license_family: BSD
  run_exports: {}
  size: 14690
  timestamp: 1753453984907
- conda: https://conda.anaconda.org/conda-forge/noarch/cpython-3.14.6-py314hd8ed1ab_101.conda
  noarch: generic
  sha256: 436618a5a090c9f7ade0c5f883e8602a130b3991bc88b06badd6f805d7dbff00
  md5: 424c465894c8af725105fe6ad74f6aec
  depends:
  - python >=3.14,<3.15.0a0
  - python_abi * *_cp314
  license: Python-2.0
  run_exports: {}
  size: 49508
  timestamp: 1784909547134
- conda: https://conda.anaconda.org/conda-forge/noarch/decorator-5.3.1-pyhd8ed1ab_0.conda
  sha256: 430bd9d731b265f0bedb3183ac3ecfaa1656390c092b6e864ff8cc1229843c8c
  md5: 61dcf784d59ef0bd62c57d982b154ace
  depends:
  - python >=3.10
  license: BSD-2-Clause
  license_family: BSD
  run_exports: {}
  size: 16102
  timestamp: 1779115228886
- conda: https://conda.anaconda.org/conda-forge/noarch/executing-2.2.1-pyhd8ed1ab_0.conda
  sha256: 210c8165a58fdbf16e626aac93cc4c14dbd551a01d1516be5ecad795d2422cad
  md5: ff9efb7f7469aed3c4a8106ffa29593c
  depends:
  - python >=3.10
  license: MIT
  license_family: MIT
  run_exports: {}
  size: 30753
  timestamp: 1756729456476
- conda: https://conda.anaconda.org/conda-forge/noarch/ipykernel-7.3.0-pyh6dadd2b_0.conda
  sha256: e3ff0b3d5db5c31830030406f50ac2c9a5c31b86f1c2cef87a6042f0a4c77eb7
  md5: dd5c51d5c42381ba4a2e0ce32e02ba17
  depends:
  - __win
  - comm >=0.1.1
  - debugpy >=1.6.5
  - ipython >=7.23.1
  - jupyter_client >=8.9.0
  - jupyter_core >=5.1,!=6.0.*
  - matplotlib-inline >=0.1
  - nest-asyncio2 >=1.7.0
  - packaging >=22
  - psutil >=5.7
  - python >=3.10
  - pyzmq >=25
  - tornado >=6.4.1
  - traitlets >=5.4.0
  - python
  constrains:
  - appnope >=0.1.2
  license: BSD-3-Clause
  license_family: BSD
  run_exports: {}
  size: 138046
  timestamp: 1781101760172
- conda: https://conda.anaconda.org/conda-forge/noarch/ipython-9.15.0-pyhe2676ad_0.conda
  sha256: c3df12e766572060be653933aae5f6a09ccebfa86cff3b10b9b880ace29088d9
  md5: a4c278221ad4da75ba1637f8d230e658
  depends:
  - __win
  - decorator >=5.1.0
  - ipython_pygments_lexers >=1.0.0
  - jedi >=0.18.2
  - matplotlib-inline >=0.1.6
  - prompt-toolkit >=3.0.41,<3.1.0
  - psutil >=7
  - pygments >=2.14.0
  - python >=3.11
  - stack_data >=0.6.0
  - traitlets >=5.13.0
  - typing_extensions >=4.6
  - colorama >=0.4.4
  - python
  license: BSD-3-Clause
  license_family: BSD
  run_exports: {}
  size: 657739
  timestamp: 1782482745122
- conda: https://conda.anaconda.org/conda-forge/noarch/ipython_pygments_lexers-1.1.1-pyhd8ed1ab_0.conda
  sha256: 894682a42a7d659ae12878dbcb274516a7031bbea9104e92f8e88c1f2765a104
  md5: bd80ba060603cc228d9d81c257093119
  depends:
  - pygments
  - python >=3.9
  license: BSD-3-Clause
  license_family: BSD
  run_exports: {}
  size: 13993
  timestamp: 1737123723464
- conda: https://conda.anaconda.org/conda-forge/noarch/jedi-0.20.0-pyhcf101f3_0.conda
  sha256: 744143551c1c7b528b82533fb641b9d7db20b2203abc4c2635c387fa6c089fc3
  md5: c2b3d37aa1411031126036ee76a8a861
  depends:
  - python >=3.10
  - parso >=0.8.6,<0.9.0
  - python
  license: Apache-2.0 AND MIT
  run_exports: {}
  size: 2715215
  timestamp: 1782251948616
- conda: https://conda.anaconda.org/conda-forge/noarch/jupyter_client-8.9.1-pyhcf101f3_0.conda
  sha256: 48b18974cc93b2c0d2681563237034e521f51d1878f0bbc6a5a67ca31b1608a6
  md5: 49440e66df843bee2273937e8032ec43
  depends:
  - jupyter_core >=5.1
  - python >=3.10
  - python-dateutil >=2.8.2
  - pyzmq >=25.0
  - tornado >=6.4.1
  - traitlets >=5.3
  - typing_extensions >=4.13.0
  - python
  license: BSD-3-Clause
  license_family: BSD
  run_exports: {}
  size: 117954
  timestamp: 1781019994076
- conda: https://conda.anaconda.org/conda-forge/noarch/jupyter_core-5.9.1-pyh6dadd2b_0.conda
  sha256: ed709a6c25b731e01563521ef338b93986cd14b5bc17f35e9382000864872ccc
  md5: a8db462b01221e9f5135be466faeb3e0
  depends:
  - __win
  - pywin32
  - platformdirs >=2.5
  - python >=3.10
  - traitlets >=5.3
  - python
  constrains:
  - pywin32 >=300
  license: BSD-3-Clause
  license_family: BSD
  run_exports: {}
  size: 64679
  timestamp: 1760643889625
- conda: https://conda.anaconda.org/conda-forge/noarch/matplotlib-inline-0.2.2-pyhd8ed1ab_0.conda
  sha256: 35b43d7343f74452307fd018a1cca92b8f68961ff8e2ab6a81ce0a703c9a3764
  md5: 9acc1c385be401d533ff70ef5b50dae6
  depends:
  - python >=3.10
  - traitlets
  license: BSD-3-Clause
  license_family: BSD
  run_exports: {}
  size: 15725
  timestamp: 1778264403247
- conda: https://conda.anaconda.org/conda-forge/noarch/nest-asyncio2-1.7.2-pyhcf101f3_0.conda
  sha256: e6768ceef038f4d7e083de7e393f5dd7d672b937e2bda570b740f6399b686689
  md5: fcd832bfd4749e9b246112b6894f97fc
  depends:
  - python >=3.10
  - python
  license: BSD-2-Clause
  license_family: BSD
  run_exports: {}
  size: 15903
  timestamp: 1770973502283
- conda: https://conda.anaconda.org/conda-forge/noarch/packaging-26.2-pyhc364b38_0.conda
  sha256: 3906abfb6511a3bb309e39b9b1b7bc38f50a723971de2395489fd1f379255890
  md5: 4c06a92e74452cfa53623a81592e8934
  depends:
  - python >=3.8
  - python
  license: Apache-2.0
  license_family: APACHE
  run_exports: {}
  size: 91574
  timestamp: 1777103621679
- conda: https://conda.anaconda.org/conda-forge/noarch/parso-0.8.7-pyhcf101f3_0.conda
  sha256: 611882f7944b467281c46644ffde6c5145d1a7730388bcde26e7e86819b0998e
  md5: 39894c952938276405a1bd30e4ce2caf
  depends:
  - python >=3.10
  - python
  license: MIT
  license_family: MIT
  run_exports: {}
  size: 82472
  timestamp: 1777722955579
- conda: https://conda.anaconda.org/conda-forge/noarch/platformdirs-4.11.0-pyhcf101f3_0.conda
  sha256: a4b8c7d3b3703d10f93187986d59aec09b22033978945845899beb7f849a7be6
  md5: 1fadaa6dd1d03d062075f84157ac2cc7
  depends:
  - python >=3.10
  - python
  license: MIT
  license_family: MIT
  run_exports: {}
  size: 26632
  timestamp: 1784661349391
- conda: https://conda.anaconda.org/conda-forge/noarch/prompt-toolkit-3.0.53-pyha770c72_0.conda
  sha256: efe8def2c93aa34cd8d3c9af1dc4c7d312791cf769d8b2b615e32733e6df6051
  md5: 39c92a39517316e5001d645ae63d9ab9
  depends:
  - python >=3.10
  - wcwidth
  constrains:
  - prompt_toolkit 3.0.53
  license: BSD-3-Clause
  run_exports: {}
  size: 276081
  timestamp: 1785160613307
- conda: https://conda.anaconda.org/conda-forge/noarch/pure_eval-0.2.3-pyhd8ed1ab_1.conda
  sha256: 71bd24600d14bb171a6321d523486f6a06f855e75e547fa0cb2a0953b02047f0
  md5: 3bfdfb8dbcdc4af1ae3f9a8eb3948f04
  depends:
  - python >=3.9
  license: MIT
  license_family: MIT
  run_exports: {}
  size: 16668
  timestamp: 1733569518868
- conda: https://conda.anaconda.org/conda-forge/noarch/pygments-2.20.0-pyhd8ed1ab_0.conda
  sha256: cf70b2f5ad9ae472b71235e5c8a736c9316df3705746de419b59d442e8348e86
  md5: 16c18772b340887160c79a6acc022db0
  depends:
  - python >=3.10
  license: BSD-2-Clause
  license_family: BSD
  run_exports: {}
  size: 893031
  timestamp: 1774796815820
- conda: https://conda.anaconda.org/conda-forge/noarch/python-dateutil-2.9.0.post0-pyhe01879c_2.conda
  sha256: d6a17ece93bbd5139e02d2bd7dbfa80bee1a4261dced63f65f679121686bf664
  md5: 5b8d21249ff20967101ffa321cab24e8
  depends:
  - python >=3.9
  - six >=1.5
  - python
  license: Apache-2.0
  license_family: APACHE
  run_exports: {}
  size: 233310
  timestamp: 1751104122689
- conda: https://conda.anaconda.org/conda-forge/noarch/python-gil-3.14.6-h4df99d1_101.conda
  sha256: f96f61b33fe7d0f599ba5e23d9e5231fad9c8a37a1c141dfa8edbd0ba78de9e3
  md5: 7f742295acd62ee0688e7e6924b71e67
  depends:
  - cpython 3.14.6.*
  - python_abi * *_cp314
  license: Python-2.0
  run_exports: {}
  size: 49484
  timestamp: 1784909578801
- conda: https://conda.anaconda.org/conda-forge/noarch/python-tzdata-2026.3-pyhd8ed1ab_0.conda
  sha256: 3f05db78cf8be33cf6dbc469664b8e3a01f3980d61d6d6bef48669b171896d8a
  md5: eefc8d916bd2e708d76d40398ef9a1ee
  depends:
  - python >=3.10
  license: Apache-2.0
  license_family: APACHE
  run_exports: {}
  size: 146862
  timestamp: 1783704822814
- conda: https://conda.anaconda.org/conda-forge/noarch/python_abi-3.14-8_cp314.conda
  build_number: 8
  sha256: ad6d2e9ac39751cc0529dd1566a26751a0bf2542adb0c232533d32e176e21db5
  md5: 0539938c55b6b1a59b560e843ad864a4
  constrains:
  - python 3.14.* *_cp314
  license: BSD-3-Clause
  license_family: BSD
  run_exports: {}
  size: 6989
  timestamp: 1752805904792
- conda: https://conda.anaconda.org/conda-forge/noarch/six-1.17.0-pyhe01879c_1.conda
  sha256: 458227f759d5e3fcec5d9b7acce54e10c9e1f4f4b7ec978f3bfd54ce4ee9853d
  md5: 3339e3b65d58accf4ca4fb8748ab16b3
  depends:
  - python >=3.9
  - python
  license: MIT
  license_family: MIT
  run_exports: {}
  size: 18455
  timestamp: 1753199211006
- conda: https://conda.anaconda.org/conda-forge/noarch/stack_data-0.6.3-pyhd8ed1ab_1.conda
  sha256: 570da295d421661af487f1595045760526964f41471021056e993e73089e9c41
  md5: b1b505328da7a6b246787df4b5a49fbc
  depends:
  - asttokens
  - executing
  - pure_eval
  - python >=3.9
  license: MIT
  license_family: MIT
  run_exports: {}
  size: 26988
  timestamp: 1733569565672
- conda: https://conda.anaconda.org/conda-forge/noarch/traitlets-5.15.1-pyhcf101f3_0.conda
  sha256: b89a823edf524956b94a2a4db974866e4501f05c68976eff458c5dcf07f88431
  md5: 37e3be7b6e2977d37b8fa5da229f5dc0
  depends:
  - python >=3.10
  - python
  license: BSD-3-Clause
  license_family: BSD
  run_exports: {}
  size: 115158
  timestamp: 1780507822178
- conda: https://conda.anaconda.org/conda-forge/noarch/typing_extensions-4.16.0-pyhcf101f3_0.conda
  sha256: 2d888f90af0686044882c74193ec80a90ec1943145d94a7b1b048958acda1848
  md5: c70ad746c22219b9700931707482992c
  depends:
  - python >=3.10
  - python
  license: PSF-2.0
  license_family: PSF
  run_exports: {}
  size: 52631
  timestamp: 1783002732887
- conda: https://conda.anaconda.org/conda-forge/noarch/tzdata-2026c-h151e31d_0.conda
  sha256: b928c30ddcb0e3f544c6eade8352737e6e610e263276b90232db6a578ef899d8
  md5: fcb489df604d100968b737f2cb6076c6
  license: LicenseRef-Public-Domain
  run_exports: {}
  size: 118849
  timestamp: 1784250406640
- conda: https://conda.anaconda.org/conda-forge/noarch/wcwidth-0.8.2-pyhd8ed1ab_0.conda
  sha256: 4acf845da404e84cef1acccc66cc0156af1b83a5b5d7077b2ca19b705c561e57
  md5: 99f7755ec8648a042b0dbe906234f888
  depends:
  - python >=3.10
  license: MIT
  license_family: MIT
  run_exports: {}
  size: 132415
  timestamp: 1782771807703
- conda: https://conda.anaconda.org/conda-forge/win-64/bzip2-1.0.8-h0ad9c76_9.conda
  sha256: 76dfb71df5e8d1c4eded2dbb5ba15bb8fb2e2b0fe42d94145d5eed4c75c35902
  md5: 4cb8e6b48f67de0b018719cdf1136306
  depends:
  - ucrt >=10.0.20348.0
  - vc >=14.3,<15
  - vc14_runtime >=14.44.35208
  license: bzip2-1.0.6
  license_family: BSD
  run_exports:
    weak:
    - bzip2 >=1.0.8,<2.0a0
  size: 56115
  timestamp: 1771350256444
- conda: https://conda.anaconda.org/conda-forge/win-64/debugpy-1.8.21-py314hb98de8c_0.conda
  sha256: daa9397ffba6722f27c21b2f0a02b197f3ba9baedb484a155539743ec5ea3ac3
  md5: 945786ac874b8e821a675fbdd885f844
  depends:
  - python
  - vc >=14.3,<15
  - vc14_runtime >=14.44.35208
  - ucrt >=10.0.20348.0
  - python_abi 3.14.* *_cp314
  license: MIT
  license_family: MIT
  run_exports: {}
  size: 4022782
  timestamp: 1780390190830
- conda: https://conda.anaconda.org/conda-forge/win-64/krb5-1.22.2-h719d79b_1.conda
  sha256: c55745796e762ba9e817ab1fc0f21f1a049e202f90fa762df39578f37923f6c2
  md5: 00335c2c4a98656554771aaf6f1a7400
  depends:
  - openssl >=3.5.7,<4.0a0
  - ucrt >=10.0.20348.0
  - vc >=14.3,<15
  - vc14_runtime >=14.44.35208
  license: MIT
  license_family: MIT
  run_exports:
    weak:
    - krb5 >=1.22.2,<1.23.0a0
  size: 750320
  timestamp: 1781859644591
- conda: https://conda.anaconda.org/conda-forge/win-64/libblas-3.11.0-8_h8455456_mkl.conda
  build_number: 8
  sha256: 43a87b59e6d4c68d80b2e4de487b1b54d66fe1f9a06636909b5a5ab9eae27269
  md5: 4a0ce24b1a946ff77ae9eaa7ef015a33
  depends:
  - mkl >=2026.0.0,<2027.0a0
  constrains:
  - libcblas   3.11.0   8*_mkl
  - liblapacke 3.11.0   8*_mkl
  - blas 2.308   mkl
  - liblapack  3.11.0   8*_mkl
  license: BSD-3-Clause
  license_family: BSD
  run_exports:
    weak:
    - libblas >=3.11.0,<4.0a0
  size: 68103
  timestamp: 1779859688049
- conda: https://conda.anaconda.org/conda-forge/win-64/libcblas-3.11.0-8_h2a3cdd5_mkl.conda
  build_number: 8
  sha256: 2a5b6555b481df4603e44cba49a6ef727584fd2f3c5235dd4bcb3028fffbdfb5
  md5: 09f1d8e4d2675d34ad2acb115211d10c
  depends:
  - libblas 3.11.0 8_h8455456_mkl
  constrains:
  - liblapacke 3.11.0   8*_mkl
  - blas 2.308   mkl
  - liblapack  3.11.0   8*_mkl
  license: BSD-3-Clause
  license_family: BSD
  run_exports:
    weak:
    - libcblas >=3.11.0,<4.0a0
  size: 68443
  timestamp: 1779859701498
- conda: https://conda.anaconda.org/conda-forge/win-64/libexpat-2.8.1-hac47afa_1.conda
  sha256: 1a54d874addda73b6f7164d5f3905821277a1831bcc05edd74b3085391688571
  md5: ccc490c81ffe14181861beac0e8f3169
  depends:
  - ucrt >=10.0.20348.0
  - vc >=14.3,<15
  - vc14_runtime >=14.44.35208
  constrains:
  - expat 2.8.1.*
  license: MIT
  license_family: MIT
  run_exports: {}
  size: 71631
  timestamp: 1781203724164
- conda: https://conda.anaconda.org/conda-forge/win-64/libffi-3.5.2-h3d046cb_0.conda
  sha256: 59d01f2dfa8b77491b5888a5ab88ff4e1574c9359f7e229da254cdfe27ddc190
  md5: 720b39f5ec0610457b725eb3f396219a
  depends:
  - ucrt >=10.0.20348.0
  - vc >=14.3,<15
  - vc14_runtime >=14.44.35208
  license: MIT
  license_family: MIT
  run_exports:
    weak:
    - libffi >=3.5.2,<3.6.0a0
  size: 45831
  timestamp: 1769456418774
- conda: https://conda.anaconda.org/conda-forge/win-64/libhwloc-2.13.0-default_h049141e_1000.conda
  sha256: 2ee12e37223dfcd0acd050c80a91150c482b6e2899198521e1800dce66662467
  md5: 6a01c986e30292c715038d2788aa1385
  depends:
  - libwinpthread >=12.0.0.r4.gg4f2fc60ca
  - libxml2
  - libxml2-16 >=2.14.6
  - ucrt >=10.0.20348.0
  - vc >=14.3,<15
  - vc14_runtime >=14.44.35208
  license: BSD-3-Clause
  license_family: BSD
  run_exports:
    weak:
    - libhwloc >=2.13.0,<2.13.1.0a0
  size: 2396128
  timestamp: 1770954127918
- conda: https://conda.anaconda.org/conda-forge/win-64/libiconv-1.18-hc1393d2_2.conda
  sha256: 0dcdb1a5f01863ac4e8ba006a8b0dc1a02d2221ec3319b5915a1863254d7efa7
  md5: 64571d1dd6cdcfa25d0664a5950fdaa2
  depends:
  - ucrt >=10.0.20348.0
  - vc >=14.3,<15
  - vc14_runtime >=14.44.35208
  license: LGPL-2.1-only
  run_exports:
    weak:
    - libiconv >=1.18,<2.0a0
  size: 696926
  timestamp: 1754909290005
- conda: https://conda.anaconda.org/conda-forge/win-64/liblapack-3.11.0-8_hf9ab0e9_mkl.conda
  build_number: 8
  sha256: 44999ed04bc0a56de44ee0ac8bd5b3702efd411a8b29491c0e3d3deb8619c94e
  md5: d584799b920ecae9b75a2b70743a3de7
  depends:
  - libblas 3.11.0 8_h8455456_mkl
  constrains:
  - libcblas   3.11.0   8*_mkl
  - liblapacke 3.11.0   8*_mkl
  - blas 2.308   mkl
  license: BSD-3-Clause
  license_family: BSD
  run_exports:
    weak:
    - liblapack >=3.11.0,<3.12.0a0
  size: 81027
  timestamp: 1779859714698
- conda: https://conda.anaconda.org/conda-forge/win-64/liblzma-5.8.3-hfd05255_0.conda
  sha256: d636d1a25234063642f9c531a7bb58d84c1c496411280a36ea000bd122f078f1
  md5: 8f83619ab1588b98dd99c90b0bfc5c6d
  depends:
  - ucrt >=10.0.20348.0
  - vc >=14.3,<15
  - vc14_runtime >=14.44.35208
  constrains:
  - xz 5.8.3.*
  license: 0BSD
  run_exports:
    weak:
    - liblzma >=5.8.3,<6.0a0
  size: 106486
  timestamp: 1775825663227
- conda: https://conda.anaconda.org/conda-forge/win-64/libmpdec-4.0.0-hfd05255_1.conda
  sha256: 40dcd0b9522a6e0af72a9db0ced619176e7cfdb114855c7a64f278e73f8a7514
  md5: e4a9fc2bba3b022dad998c78856afe47
  depends:
  - ucrt >=10.0.20348.0
  - vc >=14.3,<15
  - vc14_runtime >=14.44.35208
  license: BSD-2-Clause
  license_family: BSD
  run_exports: {}
  size: 89411
  timestamp: 1769482314283
- conda: https://conda.anaconda.org/conda-forge/win-64/libsodium-1.0.22-h6a83c73_1.conda
  sha256: de45b71224da77a1c3a7dd48d8885eb957c9f05455d4f0828463293e7144330f
  md5: 7d5abf7ca1bd00b43d273f44d93d05dc
  depends:
  - vc >=14.3,<15
  - vc14_runtime >=14.44.35208
  - ucrt >=10.0.20348.0
  license: ISC
  run_exports:
    weak:
    - libsodium >=1.0.22,<1.0.23.0a0
  size: 280234
  timestamp: 1779164124739
- conda: https://conda.anaconda.org/conda-forge/win-64/libsqlite-3.53.4-hf5d6505_0.conda
  sha256: 62e1c45ec71ab2e5deeeb0e47e7df6a609991e91d46348f16df50c68fee145c8
  md5: ca0d59f40a02a15e9b5d0ff8db0f85e3
  depends:
  - ucrt >=10.0.20348.0
  - vc >=14.3,<15
  - vc14_runtime >=14.44.35208
  license: blessing
  run_exports:
    weak:
    - libsqlite >=3.53.4,<4.0a0
  size: 1313790
  timestamp: 1785016158097
- conda: https://conda.anaconda.org/conda-forge/win-64/libwinpthread-12.0.0.r4.gg4f2fc60ca-h57928b3_10.conda
  sha256: 0fccf2d17026255b6e10ace1f191d0a2a18f2d65088fd02430be17c701f8ffe0
  md5: 8a86073cf3b343b87d03f41790d8b4e5
  depends:
  - ucrt
  constrains:
  - pthreads-win32 <0.0a0
  - msys2-conda-epoch <0.0a0
  license: MIT AND BSD-3-Clause-Clear
  run_exports: {}
  size: 36621
  timestamp: 1759768399557
- conda: https://conda.anaconda.org/conda-forge/win-64/libxml2-16-2.15.3-h692994f_0.conda
  sha256: 8038084c60eda2006d0122d05e3364fe8db0a18935ca6ed0168b5ba5aa33f904
  md5: f7d6fcda29570e20851b78d92ea2154e
  depends:
  - libiconv >=1.18,<2.0a0
  - liblzma >=5.8.3,<6.0a0
  - libzlib >=1.3.2,<2.0a0
  - ucrt >=10.0.20348.0
  - vc >=14.3,<15
  - vc14_runtime >=14.44.35208
  constrains:
  - libxml2 2.15.3
  - icu <0.0a0
  license: MIT
  license_family: MIT
  run_exports: {}
  size: 518869
  timestamp: 1776376971242
- conda: https://conda.anaconda.org/conda-forge/win-64/libxml2-2.15.3-hbc0d294_0.conda
  sha256: da68af9d9d28d65a6916db1bef68f8a25c64c4fdcf759f32a2d2f2f143220adf
  md5: e3b5acbb857a12f5d59e8d174bc536c0
  depends:
  - libiconv >=1.18,<2.0a0
  - liblzma >=5.8.3,<6.0a0
  - libxml2-16 2.15.3 h692994f_0
  - libzlib >=1.3.2,<2.0a0
  - ucrt >=10.0.20348.0
  - vc >=14.3,<15
  - vc14_runtime >=14.44.35208
  constrains:
  - icu <0.0a0
  license: MIT
  license_family: MIT
  run_exports:
    weak:
    - libxml2
    - libxml2-16 >=2.15.3
  size: 43916
  timestamp: 1776376994334
- conda: https://conda.anaconda.org/conda-forge/win-64/libzlib-1.3.2-hfd05255_2.conda
  sha256: 88609816e0cc7452bac637aaf65783e5edf4fee8a9f8e22bdc3a75882c536061
  md5: dbabbd6234dea34040e631f87676292f
  depends:
  - ucrt >=10.0.20348.0
  - vc >=14.3,<15
  - vc14_runtime >=14.44.35208
  constrains:
  - zlib 1.3.2 *_2
  license: Zlib
  license_family: Other
  run_exports:
    weak:
    - libzlib >=1.3.2,<2.0a0
  size: 58347
  timestamp: 1774072851498
- conda: https://conda.anaconda.org/conda-forge/win-64/llvm-openmp-22.1.8-h4fa8253_0.conda
  sha256: 50c02902bb516eeb56680358f052be38b5bf74b40e78ea4b2a675e84957e7307
  md5: de3551bf6508d45ca46b714639e52823
  depends:
  - ucrt >=10.0.20348.0
  - vc >=14.3,<15
  - vc14_runtime >=14.44.35208
  constrains:
  - openmp 22.1.8|22.1.8.*
  - intel-openmp <0.0a0
  license: Apache-2.0 WITH LLVM-exception
  license_family: APACHE
  run_exports:
    strong:
    - llvm-openmp >=22.1.8
  size: 348002
  timestamp: 1781737042070
- conda: https://conda.anaconda.org/conda-forge/win-64/mkl-2026.1.0-hac47afa_233.conda
  sha256: ff355522fb0b6e33841167d9ca749147c8734d8be07b63b2ce25b0db043f42ed
  md5: 5afbf28c4ca3e05b5469dbbd78c8e704
  depends:
  - llvm-openmp >=22.1.8
  - onemkl-license 2026.1.0 h57928b3_233
  - tbb >=2023.0.0
  - ucrt >=10.0.20348.0
  - vc >=14.3,<15
  - vc14_runtime >=14.44.35208
  license: LicenseRef-IntelSimplifiedSoftwareOct2022
  license_family: Proprietary
  run_exports: {}
  size: 114592547
  timestamp: 1783700769546
- conda: https://conda.anaconda.org/conda-forge/win-64/numpy-2.5.1-py314h02f10f6_0.conda
  sha256: 0f9f97b529480d17f7054783f7cdc163d0cdd537fabbb6b5bbae5c9439462c2f
  md5: a67eeb19ff253ed3c4e094056e8fbb4c
  depends:
  - python
  - vc >=14.3,<15
  - vc14_runtime >=14.44.35208
  - ucrt >=10.0.20348.0
  - liblapack >=3.9.0,<4.0a0
  - libcblas >=3.9.0,<4.0a0
  - libblas >=3.9.0,<4.0a0
  - python_abi 3.14.* *_cp314
  constrains:
  - numpy-base <0a0
  license: BSD-3-Clause
  license_family: BSD
  run_exports:
    weak:
    - numpy >=1.25,<3
  size: 7452096
  timestamp: 1783206236616
- conda: https://conda.anaconda.org/conda-forge/win-64/onemkl-license-2026.1.0-h57928b3_233.conda
  sha256: 96dec1c878d6e6f835be8ed57152a37be9a5104ac79c2425815d71c64cf13ee4
  md5: 1566e2ce8c3bc23a2feb866c4d9e91e3
  license: LicenseRef-IntelSimplifiedSoftwareOct2022
  license_family: Proprietary
  run_exports: {}
  size: 53362
  timestamp: 1783700628723
- conda: https://conda.anaconda.org/conda-forge/win-64/openssl-3.6.3-hf411b9b_0.conda
  sha256: cb6e7ba0d010ee0d3249ce9886de3d7613d26d9965d4c95666fa66b9c4c31001
  md5: e99f95734a326c0fd4d02bbd995150d4
  depends:
  - ca-certificates
  - ucrt >=10.0.20348.0
  - vc >=14.3,<15
  - vc14_runtime >=14.44.35208
  license: Apache-2.0
  license_family: Apache
  run_exports:
    weak:
    - openssl >=3.6.3,<4.0a0
  size: 9414790
  timestamp: 1781071745579
- conda: https://conda.anaconda.org/conda-forge/win-64/pandas-3.0.3-py314hf700ef7_0.conda
  sha256: 7f9912ba70e53805432f8e3a980fec5d13fe851989f68a70889394a2b4438ac2
  md5: 33451badee17d4162840339efdab40ad
  depends:
  - python
  - numpy >=1.26.0
  - python-dateutil >=2.8.2
  - python-tzdata
  - vc >=14.3,<15
  - vc14_runtime >=14.44.35208
  - ucrt >=10.0.20348.0
  - python_abi 3.14.* *_cp314
  - numpy >=1.23,<3
  constrains:
  - adbc-driver-postgresql >=1.2.0
  - adbc-driver-sqlite >=1.2.0
  - beautifulsoup4 >=4.12.3
  - blosc >=1.21.3
  - bottleneck >=1.4.2
  - fastparquet >=2024.11.0
  - fsspec >=2024.10.0
  - gcsfs >=2024.10.0
  - html5lib >=1.1
  - hypothesis >=6.116.0
  - jinja2 >=3.1.5
  - lxml >=5.3.0
  - matplotlib >=3.9.3
  - numba >=0.60.0
  - numexpr >=2.10.2
  - odfpy >=1.4.1
  - openpyxl >=3.1.5
  - psycopg2 >=2.9.10
  - pyarrow >=13.0.0
  - pyiceberg >=0.8.1
  - pymysql >=1.1.1
  - pyqt5 >=5.15.9
  - pyreadstat >=1.2.8
  - pytables >=3.10.1
  - pytest >=8.3.4
  - pytest-xdist >=3.6.1
  - python-calamine >=0.3.0
  - pytz >=2024.2
  - pyxlsb >=1.0.10
  - qtpy >=2.4.2
  - scipy >=1.14.1
  - s3fs >=2024.10.0
  - sqlalchemy >=2.0.36
  - tabulate >=0.9.0
  - xarray >=2024.10.0
  - xlrd >=2.0.1
  - xlsxwriter >=3.2.0
  - zstandard >=0.23.0
  license: BSD-3-Clause
  license_family: BSD
  run_exports: {}
  size: 14062915
  timestamp: 1778602665890
- conda: https://conda.anaconda.org/conda-forge/win-64/psutil-7.2.2-py314hc5dbbe4_0.conda
  sha256: 17c8274ce5a32c9793f73a5a0094bd6188f3a13026a93147655143d4df034214
  md5: fd539ac231820f64066839251aa9fa48
  depends:
  - python
  - vc >=14.3,<15
  - vc14_runtime >=14.44.35208
  - ucrt >=10.0.20348.0
  - python_abi 3.14.* *_cp314
  license: BSD-3-Clause
  license_family: BSD
  run_exports: {}
  size: 249950
  timestamp: 1769678167309
- conda: https://conda.anaconda.org/conda-forge/win-64/python-3.14.6-h4b44e0e_101_cp314.conda
  build_number: 101
  sha256: 3a9ae901cd853d507d97aa8b72af4b9a572a3f92dcc5bad8a1318f77ff4e0e64
  md5: 67bbf51f88a2053513d7c78f485f7479
  depends:
  - bzip2 >=1.0.8,<2.0a0
  - libexpat >=2.8.1,<3.0a0
  - libffi >=3.5.2,<3.6.0a0
  - liblzma >=5.8.3,<6.0a0
  - libmpdec >=4.0.0,<5.0a0
  - libsqlite >=3.53.3,<4.0a0
  - libzlib >=1.3.2,<2.0a0
  - openssl >=3.5.7,<4.0a0
  - python_abi 3.14.* *_cp314
  - tk >=8.6.13,<8.7.0a0
  - tzdata
  - ucrt >=10.0.20348.0
  - vc >=14.3,<15
  - vc14_runtime >=14.44.35208
  - zstd >=1.5.7,<1.6.0a0
  license: Python-2.0
  run_exports:
    weak:
    - python_abi 3.14.* *_cp314
    noarch:
    - python
  size: 18338767
  timestamp: 1784911044838
  python_site_packages_path: Lib/site-packages
- conda: https://conda.anaconda.org/conda-forge/win-64/pywin32-312-py314hcaaf0b2_0.conda
  sha256: 71f9617186f5e2273bcefc4f3a258df5784886077ad36fe14f1d16b1c2c506eb
  md5: 4d49ac91c23c4b1878daf5ea9e7c767a
  depends:
  - python
  - vc >=14.3,<15
  - vc14_runtime >=14.44.35208
  - ucrt >=10.0.20348.0
  - python_abi 3.14.* *_cp314
  license: PSF-2.0
  license_family: PSF
  run_exports: {}
  size: 4472831
  timestamp: 1781362876741
- conda: https://conda.anaconda.org/conda-forge/win-64/pyzmq-27.1.0-py312h343a6d4_3.conda
  noarch: python
  sha256: d7e65c44ea8a92f80cc0e424b4b7dbe63b8a9ec04ea774b7d4f7aed4c34cce4c
  md5: ebbda9a4e5161d6e1f98146ad057dc10
  depends:
  - python
  - vc >=14.3,<15
  - vc14_runtime >=14.44.35208
  - ucrt >=10.0.20348.0
  - _python_abi3_support 1.*
  - cpython >=3.12
  - zeromq >=4.3.5,<4.3.6.0a0
  license: BSD-3-Clause
  license_family: BSD
  run_exports: {}
  size: 182831
  timestamp: 1779483925948
- conda: https://conda.anaconda.org/conda-forge/win-64/scipy-1.18.0-py314h221f224_0.conda
  sha256: 952db1642d707d2572b511b1207bfd8e8c114fdc99930c400b547eb8ab92ac19
  md5: a925cfb1429da2b1312c86516ae7c418
  depends:
  - libblas >=3.9.0,<4.0a0
  - libcblas >=3.9.0,<4.0a0
  - liblapack >=3.9.0,<4.0a0
  - numpy <2.7
  - numpy >=1.23,<3
  - numpy >=2.0.0
  - python >=3.14,<3.15.0a0
  - python_abi 3.14.* *_cp314
  - ucrt >=10.0.20348.0
  - vc >=14.3,<15
  - vc14_runtime >=14.44.35208
  license: BSD-3-Clause
  license_family: BSD
  run_exports: {}
  size: 15353018
  timestamp: 1781914001107
- conda: https://conda.anaconda.org/conda-forge/win-64/tbb-2023.0.0-hd3d4ead_2.conda
  sha256: 8a4053839b8e997a5965e2dff7d6cf3c77be62d82c0e48c8a04a5ed2d2e73035
  md5: 8ee01a693aecff5432069eaaf1183c45
  depends:
  - libhwloc >=2.13.0,<2.13.1.0a0
  - ucrt >=10.0.20348.0
  - vc >=14.3,<15
  - vc14_runtime >=14.44.35208
  license: Apache-2.0
  license_family: APACHE
  run_exports: {}
  size: 156515
  timestamp: 1778673901757
- conda: https://conda.anaconda.org/conda-forge/win-64/tk-8.6.13-h967ab96_3.conda
  sha256: 13fa29257d43f8e630a1e591ed77fae9bbbb236b011432f01e2034cf36e6bf03
  md5: aaf79e2af50a151fb5b5a3e3f38b7a69
  depends:
  - vc >=14.3,<15
  - vc14_runtime >=14.44.35208
  - ucrt >=10.0.20348.0
  license: TCL
  run_exports:
    weak:
    - tk >=8.6.13,<8.7.0a0
  size: 3782314
  timestamp: 1784229072899
- conda: https://conda.anaconda.org/conda-forge/win-64/tornado-6.5.7-py314h5a2d7ad_0.conda
  sha256: 6b9f5a195ca148f7c6b9a4a0a026631979b3112c43cd7c1064085ff833dfa4f0
  md5: b1b9bf11a82e608c5649d7462de94c5f
  depends:
  - python >=3.14,<3.15.0a0
  - python_abi 3.14.* *_cp314
  - ucrt >=10.0.20348.0
  - vc >=14.3,<15
  - vc14_runtime >=14.44.35208
  license: Apache-2.0
  license_family: Apache
  run_exports: {}
  size: 919275
  timestamp: 1781006902968
- conda: https://conda.anaconda.org/conda-forge/win-64/ucrt-10.0.26100.0-h57928b3_0.conda
  sha256: 3005729dce6f3d3f5ec91dfc49fc75a0095f9cd23bab49efb899657297ac91a5
  md5: 71b24316859acd00bdb8b38f5e2ce328
  constrains:
  - vc14_runtime >=14.29.30037
  - vs2015_runtime >=14.29.30037
  license: LicenseRef-MicrosoftWindowsSDK10
  run_exports: {}
  size: 694692
  timestamp: 1756385147981
- conda: https://conda.anaconda.org/conda-forge/win-64/vc-14.5-h1b7c187_39.conda
  sha256: 17693b60cb54f80c60275f003f3bfc1b128af56dbfd65c4fae37c64eeb755ce1
  md5: 2eacea63f545b97342da520df6854276
  depends:
  - vc14_runtime >=14.51.36231
  track_features:
  - vc14
  license: BSD-3-Clause
  license_family: BSD
  run_exports: {}
  size: 20362
  timestamp: 1781320968457
- conda: https://conda.anaconda.org/conda-forge/win-64/vc14_runtime-14.51.36231-h1b9f54f_39.conda
  sha256: 8153ed849c92e891eacac0f2f8d7ecb79f9b5fd7f7917fbb896f252a60a40390
  md5: 06a5bf5a1ca16cce0df6eaa91fc42bc2
  depends:
  - ucrt >=10.0.20348.0
  - vcomp14 14.51.36231 h1b9f54f_39
  constrains:
  - vs2015_runtime 14.51.36231.* *_39
  license: LicenseRef-MicrosoftVisualCpp2015-2022Runtime
  license_family: Proprietary
  run_exports: {}
  size: 737434
  timestamp: 1781320964561
- conda: https://conda.anaconda.org/conda-forge/win-64/vcomp14-14.51.36231-h1b9f54f_39.conda
  sha256: 07fb14713c4bc62e2533a2e23a363abfb0e65650681fba0ae4c840e2219350f3
  md5: 8b53a83fda40ec679e4d63fa32fae989
  depends:
  - ucrt >=10.0.20348.0
  constrains:
  - vs2015_runtime 14.51.36231.* *_39
  license: LicenseRef-MicrosoftVisualCpp2015-2022Runtime
  license_family: Proprietary
  run_exports:
    strong:
    - vcomp14 >=14.51.36231
  size: 120684
  timestamp: 1781320948530
- conda: https://conda.anaconda.org/conda-forge/win-64/zeromq-4.3.5-h3a581c9_11.conda
  sha256: c3e279cb309b153152fcdd6ee6d039ad996d563c849f06be39d85b8e3351df25
  md5: f016c0c5f9c01549b259146614786192
  depends:
  - vc >=14.3,<15
  - vc14_runtime >=14.44.35208
  - ucrt >=10.0.20348.0
  - libsodium >=1.0.22,<1.0.23.0a0
  - krb5 >=1.22.2,<1.23.0a0
  license: MPL-2.0
  license_family: MOZILLA
  run_exports:
    weak:
    - zeromq >=4.3.5,<4.3.6.0a0
  size: 265717
  timestamp: 1779124031378
- conda: https://conda.anaconda.org/conda-forge/win-64/zstd-1.5.7-h534d264_6.conda
  sha256: 368d8628424966fd8f9c8018326a9c779e06913dd39e646cf331226acc90e5b2
  md5: 053b84beec00b71ea8ff7a4f84b55207
  depends:
  - vc >=14.3,<15
  - vc14_runtime >=14.44.35208
  - ucrt >=10.0.20348.0
  - libzlib >=1.3.1,<2.0a0
  license: BSD-3-Clause
  license_family: BSD
  run_exports:
    weak:
    - zstd >=1.5.7,<1.6.0a0
  size: 388453
  timestamp: 1764777142545
